// !$*UTF8*$!
{
	archiveVersion = 1;
	classes = {
	};
	objectVersion = 52;
	objects = {

/* Begin PBXBuildFile section */
		9510C400285A5411005EF959 /* InputView.swift in Sources */ = {isa = PBXBuildFile; fileRef = 9510C3FF285A5411005EF959 /* InputView.swift */; };
		9510C407285A75B6005EF959 /* SelectPasskeyButton.swift in Sources */ = {isa = PBXBuildFile; fileRef = 9510C406285A75B6005EF959 /* SelectPasskeyButton.swift */; };
		9536F8442682304500159945 /* DemoViewController.swift in Sources */ = {isa = PBXBuildFile; fileRef = 9536F8432682304500159945 /* DemoViewController.swift */; };
		9536F8462682363A00159945 /* EmbeddedViewController.swift in Sources */ = {isa = PBXBuildFile; fileRef = 9536F8452682363A00159945 /* EmbeddedViewController.swift */; };
		9536F851268294C300159945 /* EmbeddedViewModel.swift in Sources */ = {isa = PBXBuildFile; fileRef = 9536F850268294C300159945 /* EmbeddedViewModel.swift */; };
		9544B7E8285BEF2D006E27C1 /* URLVerificationViewController.swift in Sources */ = {isa = PBXBuildFile; fileRef = 9544B7E7285BEF2D006E27C1 /* URLVerificationViewController.swift */; };
		9544B7EA285BF4D6006E27C1 /* Card.swift in Sources */ = {isa = PBXBuildFile; fileRef = 9544B7E9285BF4D6006E27C1 /* Card.swift */; };
		9544B7EC285CDE0A006E27C1 /* ResponseLabelView.swift in Sources */ = {isa = PBXBuildFile; fileRef = 9544B7EB285CDE0A006E27C1 /* ResponseLabelView.swift */; };
		954957832786254600503722 /* AuthenticationViewController.swift in Sources */ = {isa = PBXBuildFile; fileRef = 954957822786254600503722 /* AuthenticationViewController.swift */; };
		954957872786256F00503722 /* ManagePasskeyViewController.swift in Sources */ = {isa = PBXBuildFile; fileRef = 954957862786256F00503722 /* ManagePasskeyViewController.swift */; };
		955EC32E288BF54700B4042C /* PKCE.swift in Sources */ = {isa = PBXBuildFile; fileRef = 955EC32D288BF54700B4042C /* PKCE.swift */; };
		955EC330288BF63F00B4042C /* Tagged.swift in Sources */ = {isa = PBXBuildFile; fileRef = 955EC32F288BF63F00B4042C /* Tagged.swift */; };
		9564CCBF27275E9300A4717B /* BeyondIdentityEmbedded in Frameworks */ = {isa = PBXBuildFile; productRef = 9564CCBE27275E9300A4717B /* BeyondIdentityEmbedded */; };
		9568643829A545060068DE25 /* AuthenticateUITests.swift in Sources */ = {isa = PBXBuildFile; fileRef = 9568643729A545060068DE25 /* AuthenticateUITests.swift */; };
		95694CDB25F81A34000A06F7 /* AppDelegate.swift in Sources */ = {isa = PBXBuildFile; fileRef = 95694CDA25F81A34000A06F7 /* AppDelegate.swift */; };
		95694CDD25F81A34000A06F7 /* SceneDelegate.swift in Sources */ = {isa = PBXBuildFile; fileRef = 95694CDC25F81A34000A06F7 /* SceneDelegate.swift */; };
		95694CE725F81A34000A06F7 /* LaunchScreen.storyboard in Resources */ = {isa = PBXBuildFile; fileRef = 95694CE525F81A34000A06F7 /* LaunchScreen.storyboard */; };
		956C9F002AB2579500F09E5C /* EmailOTPUITests.swift in Sources */ = {isa = PBXBuildFile; fileRef = 956C9EFF2AB2579500F09E5C /* EmailOTPUITests.swift */; };
		959AAA8E287F294600CB1DD4 /* NetworkHelpers.swift in Sources */ = {isa = PBXBuildFile; fileRef = 959AAA8D287F294600CB1DD4 /* NetworkHelpers.swift */; };
		959AAA90288084CC00CB1DD4 /* PasskeyViewController.swift in Sources */ = {isa = PBXBuildFile; fileRef = 959AAA8F288084CC00CB1DD4 /* PasskeyViewController.swift */; };
		959AAA922881768900CB1DD4 /* ButtonView.swift in Sources */ = {isa = PBXBuildFile; fileRef = 959AAA912881768900CB1DD4 /* ButtonView.swift */; };
		95AFBF3C26A5FB9C0021785E /* UIHelpers.swift in Sources */ = {isa = PBXBuildFile; fileRef = 95AFBF3B26A5FB9C0021785E /* UIHelpers.swift */; };
		95D85CCC299EDCAA005BB198 /* BindPasskeyUITests.swift in Sources */ = {isa = PBXBuildFile; fileRef = 95D85CCB299EDCAA005BB198 /* BindPasskeyUITests.swift */; };
		95D85CCE299EE148005BB198 /* PasskeyManagementUITests.swift in Sources */ = {isa = PBXBuildFile; fileRef = 95D85CCD299EE148005BB198 /* PasskeyManagementUITests.swift */; };
		95D85CD0299EE1D0005BB198 /* UITestHelpers.swift in Sources */ = {isa = PBXBuildFile; fileRef = 95D85CCF299EE1D0005BB198 /* UITestHelpers.swift */; };
		95D85CD8299FD922005BB198 /* BeyondIdentityEmbedded in Frameworks */ = {isa = PBXBuildFile; productRef = 95D85CD7299FD922005BB198 /* BeyondIdentityEmbedded */; };
		95F9236F286A45950064B89B /* SharedDesign in Frameworks */ = {isa = PBXBuildFile; productRef = 95F9236E286A45950064B89B /* SharedDesign */; };
		95F9D1CF29A5739000842A00 /* URLValidationUITests.swift in Sources */ = {isa = PBXBuildFile; fileRef = 95F9D1CE29A5739000842A00 /* URLValidationUITests.swift */; };
		95F9D1D129A5770F00842A00 /* SupportUITests.swift in Sources */ = {isa = PBXBuildFile; fileRef = 95F9D1D029A5770F00842A00 /* SupportUITests.swift */; };
		990CBBE827A1C17A00A24DF8 /* WebView.swift in Sources */ = {isa = PBXBuildFile; fileRef = 990CBBE727A1C17A00A24DF8 /* WebView.swift */; };
		99266E3427BEF06300E4DEF1 /* Localized.swift in Sources */ = {isa = PBXBuildFile; fileRef = 99266E3327BEF06300E4DEF1 /* Localized.swift */; };
		9949E908279742E300DBDAE5 /* CustomButtonWithLine.swift in Sources */ = {isa = PBXBuildFile; fileRef = 9949E907279742E300DBDAE5 /* CustomButtonWithLine.swift */; };
		9974025A27BFE47B00B420A5 /* Localizable.strings in Resources */ = {isa = PBXBuildFile; fileRef = 9974025C27BFE47B00B420A5 /* Localizable.strings */; };
		99F2B40E27921169001A7864 /* DeveloperDocsViewController.swift in Sources */ = {isa = PBXBuildFile; fileRef = 99F2B40D27921169001A7864 /* DeveloperDocsViewController.swift */; };
		99F2B4102792130B001A7864 /* SupportPageViewController.swift in Sources */ = {isa = PBXBuildFile; fileRef = 99F2B40F2792130B001A7864 /* SupportPageViewController.swift */; };
		BD47B28E269D30D900BC2E77 /* Assets.xcassets in Resources */ = {isa = PBXBuildFile; fileRef = BD47B28D269D30D900BC2E77 /* Assets.xcassets */; };
/* End PBXBuildFile section */

/* Begin PBXContainerItemProxy section */
		95D85CC6299D850A005BB198 /* PBXContainerItemProxy */ = {
			isa = PBXContainerItemProxy;
			containerPortal = 95694CCF25F81A34000A06F7 /* Project object */;
			proxyType = 1;
			remoteGlobalIDString = 95694CD625F81A34000A06F7;
			remoteInfo = ExampleApp;
		};
/* End PBXContainerItemProxy section */

/* Begin PBXFileReference section */
		9510C3FF285A5411005EF959 /* InputView.swift */ = {isa = PBXFileReference; lastKnownFileType = sourcecode.swift; path = InputView.swift; sourceTree = "<group>"; };
		9510C406285A75B6005EF959 /* SelectPasskeyButton.swift */ = {isa = PBXFileReference; lastKnownFileType = sourcecode.swift; path = SelectPasskeyButton.swift; sourceTree = "<group>"; };
		952EEE1E26852C6C00206D79 /* bi-sdk-swift */ = {isa = PBXFileReference; lastKnownFileType = folder; name = "bi-sdk-swift"; path = ..; sourceTree = "<group>"; };
		9536F8432682304500159945 /* DemoViewController.swift */ = {isa = PBXFileReference; lastKnownFileType = sourcecode.swift; path = DemoViewController.swift; sourceTree = "<group>"; };
		9536F8452682363A00159945 /* EmbeddedViewController.swift */ = {isa = PBXFileReference; lastKnownFileType = sourcecode.swift; path = EmbeddedViewController.swift; sourceTree = "<group>"; };
		9536F850268294C300159945 /* EmbeddedViewModel.swift */ = {isa = PBXFileReference; lastKnownFileType = sourcecode.swift; path = EmbeddedViewModel.swift; sourceTree = "<group>"; };
		9544B7E7285BEF2D006E27C1 /* URLVerificationViewController.swift */ = {isa = PBXFileReference; lastKnownFileType = sourcecode.swift; path = URLVerificationViewController.swift; sourceTree = "<group>"; };
		9544B7E9285BF4D6006E27C1 /* Card.swift */ = {isa = PBXFileReference; lastKnownFileType = sourcecode.swift; path = Card.swift; sourceTree = "<group>"; };
		9544B7EB285CDE0A006E27C1 /* ResponseLabelView.swift */ = {isa = PBXFileReference; lastKnownFileType = sourcecode.swift; path = ResponseLabelView.swift; sourceTree = "<group>"; };
		954957822786254600503722 /* AuthenticationViewController.swift */ = {isa = PBXFileReference; fileEncoding = 4; lastKnownFileType = sourcecode.swift; path = AuthenticationViewController.swift; sourceTree = "<group>"; };
		954957862786256F00503722 /* ManagePasskeyViewController.swift */ = {isa = PBXFileReference; fileEncoding = 4; lastKnownFileType = sourcecode.swift; path = ManagePasskeyViewController.swift; sourceTree = "<group>"; };
		955EC32D288BF54700B4042C /* PKCE.swift */ = {isa = PBXFileReference; lastKnownFileType = sourcecode.swift; path = PKCE.swift; sourceTree = "<group>"; };
		955EC32F288BF63F00B4042C /* Tagged.swift */ = {isa = PBXFileReference; lastKnownFileType = sourcecode.swift; path = Tagged.swift; sourceTree = "<group>"; };
		9568643729A545060068DE25 /* AuthenticateUITests.swift */ = {isa = PBXFileReference; lastKnownFileType = sourcecode.swift; path = AuthenticateUITests.swift; sourceTree = "<group>"; };
		95694CD725F81A34000A06F7 /* ExampleApp.app */ = {isa = PBXFileReference; explicitFileType = wrapper.application; includeInIndex = 0; path = ExampleApp.app; sourceTree = BUILT_PRODUCTS_DIR; };
		95694CDA25F81A34000A06F7 /* AppDelegate.swift */ = {isa = PBXFileReference; lastKnownFileType = sourcecode.swift; path = AppDelegate.swift; sourceTree = "<group>"; };
		95694CDC25F81A34000A06F7 /* SceneDelegate.swift */ = {isa = PBXFileReference; lastKnownFileType = sourcecode.swift; path = SceneDelegate.swift; sourceTree = "<group>"; };
		95694CE625F81A34000A06F7 /* Base */ = {isa = PBXFileReference; lastKnownFileType = file.storyboard; name = Base; path = Base.lproj/LaunchScreen.storyboard; sourceTree = "<group>"; };
		95694CE825F81A34000A06F7 /* Info.plist */ = {isa = PBXFileReference; lastKnownFileType = text.plist.xml; path = Info.plist; sourceTree = "<group>"; };
		956C9EFF2AB2579500F09E5C /* EmailOTPUITests.swift */ = {isa = PBXFileReference; lastKnownFileType = sourcecode.swift; path = EmailOTPUITests.swift; sourceTree = "<group>"; };
		959AAA8D287F294600CB1DD4 /* NetworkHelpers.swift */ = {isa = PBXFileReference; lastKnownFileType = sourcecode.swift; path = NetworkHelpers.swift; sourceTree = "<group>"; };
		959AAA8F288084CC00CB1DD4 /* PasskeyViewController.swift */ = {isa = PBXFileReference; lastKnownFileType = sourcecode.swift; path = PasskeyViewController.swift; sourceTree = "<group>"; };
		959AAA912881768900CB1DD4 /* ButtonView.swift */ = {isa = PBXFileReference; lastKnownFileType = sourcecode.swift; path = ButtonView.swift; sourceTree = "<group>"; };
		95A4EBA929BBE94100AFBBEF /* UITests.xctestplan */ = {isa = PBXFileReference; lastKnownFileType = text; path = UITests.xctestplan; sourceTree = "<group>"; };
		95A4EBAA29BC000B00AFBBEF /* AllTests.xctestplan */ = {isa = PBXFileReference; lastKnownFileType = text; name = AllTests.xctestplan; path = TestPlans/AllTests.xctestplan; sourceTree = "<group>"; };
		95A4EBAB29BC002E00AFBBEF /* AllTests.xctestplan */ = {isa = PBXFileReference; lastKnownFileType = text; path = AllTests.xctestplan; sourceTree = "<group>"; };
		95AFBF3B26A5FB9C0021785E /* UIHelpers.swift */ = {isa = PBXFileReference; lastKnownFileType = sourcecode.swift; path = UIHelpers.swift; sourceTree = "<group>"; };
		95D85CC0299D850A005BB198 /* ExampleAppUITests.xctest */ = {isa = PBXFileReference; explicitFileType = wrapper.cfbundle; includeInIndex = 0; path = ExampleAppUITests.xctest; sourceTree = BUILT_PRODUCTS_DIR; };
		95D85CCB299EDCAA005BB198 /* BindPasskeyUITests.swift */ = {isa = PBXFileReference; lastKnownFileType = sourcecode.swift; path = BindPasskeyUITests.swift; sourceTree = "<group>"; };
		95D85CCD299EE148005BB198 /* PasskeyManagementUITests.swift */ = {isa = PBXFileReference; lastKnownFileType = sourcecode.swift; path = PasskeyManagementUITests.swift; sourceTree = "<group>"; };
		95D85CCF299EE1D0005BB198 /* UITestHelpers.swift */ = {isa = PBXFileReference; lastKnownFileType = sourcecode.swift; path = UITestHelpers.swift; sourceTree = "<group>"; };
		95F9236D286A44820064B89B /* SharedDesign */ = {isa = PBXFileReference; lastKnownFileType = wrapper; path = SharedDesign; sourceTree = "<group>"; };
		95F9D1CE29A5739000842A00 /* URLValidationUITests.swift */ = {isa = PBXFileReference; lastKnownFileType = sourcecode.swift; path = URLValidationUITests.swift; sourceTree = "<group>"; };
		95F9D1D029A5770F00842A00 /* SupportUITests.swift */ = {isa = PBXFileReference; lastKnownFileType = sourcecode.swift; path = SupportUITests.swift; sourceTree = "<group>"; };
		990CBBE727A1C17A00A24DF8 /* WebView.swift */ = {isa = PBXFileReference; lastKnownFileType = sourcecode.swift; path = WebView.swift; sourceTree = "<group>"; };
		99266E3327BEF06300E4DEF1 /* Localized.swift */ = {isa = PBXFileReference; lastKnownFileType = sourcecode.swift; path = Localized.swift; sourceTree = "<group>"; };
		9949E907279742E300DBDAE5 /* CustomButtonWithLine.swift */ = {isa = PBXFileReference; lastKnownFileType = sourcecode.swift; path = CustomButtonWithLine.swift; sourceTree = "<group>"; };
		9974025B27BFE47B00B420A5 /* en */ = {isa = PBXFileReference; lastKnownFileType = text.plist.strings; name = en; path = en.lproj/Localizable.strings; sourceTree = "<group>"; };
		99F2B40D27921169001A7864 /* DeveloperDocsViewController.swift */ = {isa = PBXFileReference; lastKnownFileType = sourcecode.swift; path = DeveloperDocsViewController.swift; sourceTree = "<group>"; };
		99F2B40F2792130B001A7864 /* SupportPageViewController.swift */ = {isa = PBXFileReference; lastKnownFileType = sourcecode.swift; path = SupportPageViewController.swift; sourceTree = "<group>"; };
		BD47B28D269D30D900BC2E77 /* Assets.xcassets */ = {isa = PBXFileReference; lastKnownFileType = folder.assetcatalog; path = Assets.xcassets; sourceTree = "<group>"; };
		BDF640E1269D196600C5044C /* ExampleApp.xcconfig */ = {isa = PBXFileReference; lastKnownFileType = text.xcconfig; path = ExampleApp.xcconfig; sourceTree = "<group>"; };
/* End PBXFileReference section */

/* Begin PBXFrameworksBuildPhase section */
		95694CD425F81A34000A06F7 /* Frameworks */ = {
			isa = PBXFrameworksBuildPhase;
			buildActionMask = 2147483647;
			files = (
				9564CCBF27275E9300A4717B /* BeyondIdentityEmbedded in Frameworks */,
				95F9236F286A45950064B89B /* SharedDesign in Frameworks */,
			);
			runOnlyForDeploymentPostprocessing = 0;
		};
		95D85CBD299D850A005BB198 /* Frameworks */ = {
			isa = PBXFrameworksBuildPhase;
			buildActionMask = 2147483647;
			files = (
				95D85CD8299FD922005BB198 /* BeyondIdentityEmbedded in Frameworks */,
			);
			runOnlyForDeploymentPostprocessing = 0;
		};
/* End PBXFrameworksBuildPhase section */

/* Begin PBXGroup section */
		9536F8402682300900159945 /* EmbeddedExample */ = {
			isa = PBXGroup;
			children = (
				99DDF42827BC230600283F6E /* Helpers */,
				956A819B27E53D59004D0351 /* Resources */,
				95AFBF4526A607580021785E /* Views */,
				954957822786254600503722 /* AuthenticationViewController.swift */,
				99F2B40D27921169001A7864 /* DeveloperDocsViewController.swift */,
				9536F8452682363A00159945 /* EmbeddedViewController.swift */,
				9536F850268294C300159945 /* EmbeddedViewModel.swift */,
				954957862786256F00503722 /* ManagePasskeyViewController.swift */,
				959AAA8F288084CC00CB1DD4 /* PasskeyViewController.swift */,
				99F2B40F2792130B001A7864 /* SupportPageViewController.swift */,
				9544B7E7285BEF2D006E27C1 /* URLVerificationViewController.swift */,
			);
			path = EmbeddedExample;
			sourceTree = "<group>";
		};
		95694CCE25F81A34000A06F7 = {
			isa = PBXGroup;
			children = (
				95A4EBAA29BC000B00AFBBEF /* AllTests.xctestplan */,
				952EEE1E26852C6C00206D79 /* bi-sdk-swift */,
				95F9236D286A44820064B89B /* SharedDesign */,
				BDF640E0269D195200C5044C /* BuildConfig */,
				95694CD925F81A34000A06F7 /* Sources */,
				95D85CC1299D850A005BB198 /* ExampleAppUITests */,
				95A4EBA829BBE8C800AFBBEF /* TestPlans */,
				95694CD825F81A34000A06F7 /* Products */,
				95694DBA25FBBC8E000A06F7 /* Frameworks */,
			);
			sourceTree = "<group>";
		};
		95694CD825F81A34000A06F7 /* Products */ = {
			isa = PBXGroup;
			children = (
				95694CD725F81A34000A06F7 /* ExampleApp.app */,
				95D85CC0299D850A005BB198 /* ExampleAppUITests.xctest */,
			);
			name = Products;
			sourceTree = "<group>";
		};
		95694CD925F81A34000A06F7 /* Sources */ = {
			isa = PBXGroup;
			children = (
				9536F8402682300900159945 /* EmbeddedExample */,
				9536F8432682304500159945 /* DemoViewController.swift */,
				95694EC026000C05000A06F7 /* Supporting */,
				95694CE825F81A34000A06F7 /* Info.plist */,
			);
			path = Sources;
			sourceTree = "<group>";
		};
		95694DBA25FBBC8E000A06F7 /* Frameworks */ = {
			isa = PBXGroup;
			children = (
			);
			name = Frameworks;
			sourceTree = "<group>";
		};
		95694EC026000C05000A06F7 /* Supporting */ = {
			isa = PBXGroup;
			children = (
				95694CDA25F81A34000A06F7 /* AppDelegate.swift */,
				95694CDC25F81A34000A06F7 /* SceneDelegate.swift */,
				95694CE525F81A34000A06F7 /* LaunchScreen.storyboard */,
				BD47B28D269D30D900BC2E77 /* Assets.xcassets */,
			);
			path = Supporting;
			sourceTree = "<group>";
		};
		956A819B27E53D59004D0351 /* Resources */ = {
			isa = PBXGroup;
			children = (
				99266E3327BEF06300E4DEF1 /* Localized.swift */,
				9974025C27BFE47B00B420A5 /* Localizable.strings */,
			);
			path = Resources;
			sourceTree = "<group>";
		};
		95A4EBA829BBE8C800AFBBEF /* TestPlans */ = {
			isa = PBXGroup;
			children = (
				95A4EBAB29BC002E00AFBBEF /* AllTests.xctestplan */,
				95A4EBA929BBE94100AFBBEF /* UITests.xctestplan */,
			);
			path = TestPlans;
			sourceTree = "<group>";
		};
		95AFBF4526A607580021785E /* Views */ = {
			isa = PBXGroup;
			children = (
				959AAA912881768900CB1DD4 /* ButtonView.swift */,
				9544B7E9285BF4D6006E27C1 /* Card.swift */,
				9949E907279742E300DBDAE5 /* CustomButtonWithLine.swift */,
				9510C3FF285A5411005EF959 /* InputView.swift */,
				9544B7EB285CDE0A006E27C1 /* ResponseLabelView.swift */,
				9510C406285A75B6005EF959 /* SelectPasskeyButton.swift */,
				990CBBE727A1C17A00A24DF8 /* WebView.swift */,
			);
			path = Views;
			sourceTree = "<group>";
		};
		95D85CC1299D850A005BB198 /* ExampleAppUITests */ = {
			isa = PBXGroup;
			children = (
				9568643729A545060068DE25 /* AuthenticateUITests.swift */,
				95D85CCB299EDCAA005BB198 /* BindPasskeyUITests.swift */,
				956C9EFF2AB2579500F09E5C /* EmailOTPUITests.swift */,
				95D85CCD299EE148005BB198 /* PasskeyManagementUITests.swift */,
				95F9D1D029A5770F00842A00 /* SupportUITests.swift */,
				95D85CCF299EE1D0005BB198 /* UITestHelpers.swift */,
				95F9D1CE29A5739000842A00 /* URLValidationUITests.swift */,
			);
			path = ExampleAppUITests;
			sourceTree = "<group>";
		};
		99DDF42827BC230600283F6E /* Helpers */ = {
			isa = PBXGroup;
			children = (
				959AAA8D287F294600CB1DD4 /* NetworkHelpers.swift */,
				95AFBF3B26A5FB9C0021785E /* UIHelpers.swift */,
				955EC32D288BF54700B4042C /* PKCE.swift */,
				955EC32F288BF63F00B4042C /* Tagged.swift */,
			);
			path = Helpers;
			sourceTree = "<group>";
		};
		BDF640E0269D195200C5044C /* BuildConfig */ = {
			isa = PBXGroup;
			children = (
				BDF640E1269D196600C5044C /* ExampleApp.xcconfig */,
			);
			path = BuildConfig;
			sourceTree = "<group>";
		};
/* End PBXGroup section */

/* Begin PBXNativeTarget section */
		95694CD625F81A34000A06F7 /* ExampleApp */ = {
			isa = PBXNativeTarget;
			buildConfigurationList = 95694D0125F81A35000A06F7 /* Build configuration list for PBXNativeTarget "ExampleApp" */;
			buildPhases = (
				95694CD325F81A34000A06F7 /* Sources */,
				95694CD425F81A34000A06F7 /* Frameworks */,
				95694CD525F81A34000A06F7 /* Resources */,
			);
			buildRules = (
			);
			dependencies = (
			);
			name = ExampleApp;
			packageProductDependencies = (
				9564CCBE27275E9300A4717B /* BeyondIdentityEmbedded */,
				95F9236E286A45950064B89B /* SharedDesign */,
			);
			productName = "sdk-swift";
			productReference = 95694CD725F81A34000A06F7 /* ExampleApp.app */;
			productType = "com.apple.product-type.application";
		};
		95D85CBF299D850A005BB198 /* ExampleAppUITests */ = {
			isa = PBXNativeTarget;
			buildConfigurationList = 95D85CCA299D850A005BB198 /* Build configuration list for PBXNativeTarget "ExampleAppUITests" */;
			buildPhases = (
				95D85CBC299D850A005BB198 /* Sources */,
				95D85CBD299D850A005BB198 /* Frameworks */,
				95D85CBE299D850A005BB198 /* Resources */,
			);
			buildRules = (
			);
			dependencies = (
				95D85CC7299D850A005BB198 /* PBXTargetDependency */,
			);
			name = ExampleAppUITests;
			packageProductDependencies = (
				95D85CD7299FD922005BB198 /* BeyondIdentityEmbedded */,
			);
			productName = ExampleAppUITests;
			productReference = 95D85CC0299D850A005BB198 /* ExampleAppUITests.xctest */;
			productType = "com.apple.product-type.bundle.ui-testing";
		};
/* End PBXNativeTarget section */

/* Begin PBXProject section */
		95694CCF25F81A34000A06F7 /* Project object */ = {
			isa = PBXProject;
			attributes = {
				LastSwiftUpdateCheck = 1400;
				LastUpgradeCheck = 1300;
				TargetAttributes = {
					95694CD625F81A34000A06F7 = {
						CreatedOnToolsVersion = 12.3;
					};
					95D85CBF299D850A005BB198 = {
						CreatedOnToolsVersion = 14.0.1;
						TestTargetID = 95694CD625F81A34000A06F7;
					};
				};
			};
			buildConfigurationList = 95694CD225F81A34000A06F7 /* Build configuration list for PBXProject "ExampleApp" */;
			compatibilityVersion = "Xcode 9.3";
			developmentRegion = en;
			hasScannedForEncodings = 0;
			knownRegions = (
				en,
				Base,
			);
			mainGroup = 95694CCE25F81A34000A06F7;
			productRefGroup = 95694CD825F81A34000A06F7 /* Products */;
			projectDirPath = "";
			projectRoot = "";
			targets = (
				95694CD625F81A34000A06F7 /* ExampleApp */,
				95D85CBF299D850A005BB198 /* ExampleAppUITests */,
			);
		};
/* End PBXProject section */

/* Begin PBXResourcesBuildPhase section */
		95694CD525F81A34000A06F7 /* Resources */ = {
			isa = PBXResourcesBuildPhase;
			buildActionMask = 2147483647;
			files = (
				95694CE725F81A34000A06F7 /* LaunchScreen.storyboard in Resources */,
				9974025A27BFE47B00B420A5 /* Localizable.strings in Resources */,
				BD47B28E269D30D900BC2E77 /* Assets.xcassets in Resources */,
			);
			runOnlyForDeploymentPostprocessing = 0;
		};
		95D85CBE299D850A005BB198 /* Resources */ = {
			isa = PBXResourcesBuildPhase;
			buildActionMask = 2147483647;
			files = (
			);
			runOnlyForDeploymentPostprocessing = 0;
		};
/* End PBXResourcesBuildPhase section */

/* Begin PBXSourcesBuildPhase section */
		95694CD325F81A34000A06F7 /* Sources */ = {
			isa = PBXSourcesBuildPhase;
			buildActionMask = 2147483647;
			files = (
				954957832786254600503722 /* AuthenticationViewController.swift in Sources */,
				99266E3427BEF06300E4DEF1 /* Localized.swift in Sources */,
				9510C407285A75B6005EF959 /* SelectPasskeyButton.swift in Sources */,
				99F2B40E27921169001A7864 /* DeveloperDocsViewController.swift in Sources */,
				9949E908279742E300DBDAE5 /* CustomButtonWithLine.swift in Sources */,
				9510C400285A5411005EF959 /* InputView.swift in Sources */,
				95AFBF3C26A5FB9C0021785E /* UIHelpers.swift in Sources */,
				955EC330288BF63F00B4042C /* Tagged.swift in Sources */,
				990CBBE827A1C17A00A24DF8 /* WebView.swift in Sources */,
				95694CDB25F81A34000A06F7 /* AppDelegate.swift in Sources */,
				99F2B4102792130B001A7864 /* SupportPageViewController.swift in Sources */,
				95694CDD25F81A34000A06F7 /* SceneDelegate.swift in Sources */,
				9544B7EC285CDE0A006E27C1 /* ResponseLabelView.swift in Sources */,
				955EC32E288BF54700B4042C /* PKCE.swift in Sources */,
				9544B7E8285BEF2D006E27C1 /* URLVerificationViewController.swift in Sources */,
				9536F8442682304500159945 /* DemoViewController.swift in Sources */,
				954957872786256F00503722 /* ManagePasskeyViewController.swift in Sources */,
				9536F851268294C300159945 /* EmbeddedViewModel.swift in Sources */,
				9536F8462682363A00159945 /* EmbeddedViewController.swift in Sources */,
				959AAA8E287F294600CB1DD4 /* NetworkHelpers.swift in Sources */,
				9544B7EA285BF4D6006E27C1 /* Card.swift in Sources */,
				959AAA90288084CC00CB1DD4 /* PasskeyViewController.swift in Sources */,
				959AAA922881768900CB1DD4 /* ButtonView.swift in Sources */,
			);
			runOnlyForDeploymentPostprocessing = 0;
		};
		95D85CBC299D850A005BB198 /* Sources */ = {
			isa = PBXSourcesBuildPhase;
			buildActionMask = 2147483647;
			files = (
				95D85CCE299EE148005BB198 /* PasskeyManagementUITests.swift in Sources */,
				9568643829A545060068DE25 /* AuthenticateUITests.swift in Sources */,
				95D85CCC299EDCAA005BB198 /* BindPasskeyUITests.swift in Sources */,
				95F9D1CF29A5739000842A00 /* URLValidationUITests.swift in Sources */,
				956C9F002AB2579500F09E5C /* EmailOTPUITests.swift in Sources */,
				95D85CD0299EE1D0005BB198 /* UITestHelpers.swift in Sources */,
				95F9D1D129A5770F00842A00 /* SupportUITests.swift in Sources */,
			);
			runOnlyForDeploymentPostprocessing = 0;
		};
/* End PBXSourcesBuildPhase section */

/* Begin PBXTargetDependency section */
		95D85CC7299D850A005BB198 /* PBXTargetDependency */ = {
			isa = PBXTargetDependency;
			target = 95694CD625F81A34000A06F7 /* ExampleApp */;
			targetProxy = 95D85CC6299D850A005BB198 /* PBXContainerItemProxy */;
		};
/* End PBXTargetDependency section */

/* Begin PBXVariantGroup section */
		95694CE525F81A34000A06F7 /* LaunchScreen.storyboard */ = {
			isa = PBXVariantGroup;
			children = (
				95694CE625F81A34000A06F7 /* Base */,
			);
			name = LaunchScreen.storyboard;
			sourceTree = "<group>";
		};
		9974025C27BFE47B00B420A5 /* Localizable.strings */ = {
			isa = PBXVariantGroup;
			children = (
				9974025B27BFE47B00B420A5 /* en */,
			);
			name = Localizable.strings;
			sourceTree = "<group>";
		};
/* End PBXVariantGroup section */

/* Begin XCBuildConfiguration section */
		95694CFF25F81A35000A06F7 /* Debug */ = {
			isa = XCBuildConfiguration;
			baseConfigurationReference = BDF640E1269D196600C5044C /* ExampleApp.xcconfig */;
			buildSettings = {
				ALWAYS_SEARCH_USER_PATHS = NO;
				CLANG_ANALYZER_NONNULL = YES;
				CLANG_ANALYZER_NUMBER_OBJECT_CONVERSION = YES_AGGRESSIVE;
				CLANG_CXX_LANGUAGE_STANDARD = "gnu++14";
				CLANG_CXX_LIBRARY = "libc++";
				CLANG_ENABLE_MODULES = YES;
				CLANG_ENABLE_OBJC_ARC = YES;
				CLANG_ENABLE_OBJC_WEAK = YES;
				CLANG_WARN_BLOCK_CAPTURE_AUTORELEASING = YES;
				CLANG_WARN_BOOL_CONVERSION = YES;
				CLANG_WARN_COMMA = YES;
				CLANG_WARN_CONSTANT_CONVERSION = YES;
				CLANG_WARN_DEPRECATED_OBJC_IMPLEMENTATIONS = YES;
				CLANG_WARN_DIRECT_OBJC_ISA_USAGE = YES_ERROR;
				CLANG_WARN_DOCUMENTATION_COMMENTS = YES;
				CLANG_WARN_EMPTY_BODY = YES;
				CLANG_WARN_ENUM_CONVERSION = YES;
				CLANG_WARN_INFINITE_RECURSION = YES;
				CLANG_WARN_INT_CONVERSION = YES;
				CLANG_WARN_NON_LITERAL_NULL_CONVERSION = YES;
				CLANG_WARN_OBJC_IMPLICIT_RETAIN_SELF = YES;
				CLANG_WARN_OBJC_LITERAL_CONVERSION = YES;
				CLANG_WARN_OBJC_ROOT_CLASS = YES_ERROR;
				CLANG_WARN_QUOTED_INCLUDE_IN_FRAMEWORK_HEADER = YES;
				CLANG_WARN_RANGE_LOOP_ANALYSIS = YES;
				CLANG_WARN_STRICT_PROTOTYPES = YES;
				CLANG_WARN_SUSPICIOUS_MOVE = YES;
				CLANG_WARN_UNGUARDED_AVAILABILITY = YES_AGGRESSIVE;
				CLANG_WARN_UNREACHABLE_CODE = YES;
				CLANG_WARN__DUPLICATE_METHOD_MATCH = YES;
				COPY_PHASE_STRIP = NO;
				DEBUG_INFORMATION_FORMAT = dwarf;
				ENABLE_BITCODE = NO;
				ENABLE_STRICT_OBJC_MSGSEND = YES;
				ENABLE_TESTABILITY = YES;
				GCC_C_LANGUAGE_STANDARD = gnu11;
				GCC_DYNAMIC_NO_PIC = NO;
				GCC_NO_COMMON_BLOCKS = YES;
				GCC_OPTIMIZATION_LEVEL = 0;
				GCC_PREPROCESSOR_DEFINITIONS = (
					"DEBUG=1",
					"$(inherited)",
				);
				GCC_WARN_64_TO_32_BIT_CONVERSION = YES;
				GCC_WARN_ABOUT_RETURN_TYPE = YES_ERROR;
				GCC_WARN_UNDECLARED_SELECTOR = YES;
				GCC_WARN_UNINITIALIZED_AUTOS = YES_AGGRESSIVE;
				GCC_WARN_UNUSED_FUNCTION = YES;
				GCC_WARN_UNUSED_VARIABLE = YES;
				IPHONEOS_DEPLOYMENT_TARGET = 15.0;
				MACOSX_DEPLOYMENT_TARGET = 12.0;
				MTL_ENABLE_DEBUG_INFO = INCLUDE_SOURCE;
				MTL_FAST_MATH = YES;
				ONLY_ACTIVE_ARCH = YES;
				SDKROOT = iphoneos;
				SWIFT_ACTIVE_COMPILATION_CONDITIONS = DEBUG;
				SWIFT_OPTIMIZATION_LEVEL = "-Onone";
				SWIFT_VERSION = 5.0;
			};
			name = Debug;
		};
		95694D0025F81A35000A06F7 /* Release */ = {
			isa = XCBuildConfiguration;
			baseConfigurationReference = BDF640E1269D196600C5044C /* ExampleApp.xcconfig */;
			buildSettings = {
				ALWAYS_SEARCH_USER_PATHS = NO;
				CLANG_ANALYZER_NONNULL = YES;
				CLANG_ANALYZER_NUMBER_OBJECT_CONVERSION = YES_AGGRESSIVE;
				CLANG_CXX_LANGUAGE_STANDARD = "gnu++14";
				CLANG_CXX_LIBRARY = "libc++";
				CLANG_ENABLE_MODULES = YES;
				CLANG_ENABLE_OBJC_ARC = YES;
				CLANG_ENABLE_OBJC_WEAK = YES;
				CLANG_WARN_BLOCK_CAPTURE_AUTORELEASING = YES;
				CLANG_WARN_BOOL_CONVERSION = YES;
				CLANG_WARN_COMMA = YES;
				CLANG_WARN_CONSTANT_CONVERSION = YES;
				CLANG_WARN_DEPRECATED_OBJC_IMPLEMENTATIONS = YES;
				CLANG_WARN_DIRECT_OBJC_ISA_USAGE = YES_ERROR;
				CLANG_WARN_DOCUMENTATION_COMMENTS = YES;
				CLANG_WARN_EMPTY_BODY = YES;
				CLANG_WARN_ENUM_CONVERSION = YES;
				CLANG_WARN_INFINITE_RECURSION = YES;
				CLANG_WARN_INT_CONVERSION = YES;
				CLANG_WARN_NON_LITERAL_NULL_CONVERSION = YES;
				CLANG_WARN_OBJC_IMPLICIT_RETAIN_SELF = YES;
				CLANG_WARN_OBJC_LITERAL_CONVERSION = YES;
				CLANG_WARN_OBJC_ROOT_CLASS = YES_ERROR;
				CLANG_WARN_QUOTED_INCLUDE_IN_FRAMEWORK_HEADER = YES;
				CLANG_WARN_RANGE_LOOP_ANALYSIS = YES;
				CLANG_WARN_STRICT_PROTOTYPES = YES;
				CLANG_WARN_SUSPICIOUS_MOVE = YES;
				CLANG_WARN_UNGUARDED_AVAILABILITY = YES_AGGRESSIVE;
				CLANG_WARN_UNREACHABLE_CODE = YES;
				CLANG_WARN__DUPLICATE_METHOD_MATCH = YES;
				COPY_PHASE_STRIP = NO;
				DEBUG_INFORMATION_FORMAT = "dwarf-with-dsym";
				ENABLE_BITCODE = NO;
				ENABLE_NS_ASSERTIONS = NO;
				ENABLE_STRICT_OBJC_MSGSEND = YES;
				GCC_C_LANGUAGE_STANDARD = gnu11;
				GCC_NO_COMMON_BLOCKS = YES;
				GCC_WARN_64_TO_32_BIT_CONVERSION = YES;
				GCC_WARN_ABOUT_RETURN_TYPE = YES_ERROR;
				GCC_WARN_UNDECLARED_SELECTOR = YES;
				GCC_WARN_UNINITIALIZED_AUTOS = YES_AGGRESSIVE;
				GCC_WARN_UNUSED_FUNCTION = YES;
				GCC_WARN_UNUSED_VARIABLE = YES;
				IPHONEOS_DEPLOYMENT_TARGET = 15.0;
				MACOSX_DEPLOYMENT_TARGET = 12.0;
				MTL_ENABLE_DEBUG_INFO = NO;
				MTL_FAST_MATH = YES;
				SDKROOT = iphoneos;
				SWIFT_COMPILATION_MODE = wholemodule;
				SWIFT_OPTIMIZATION_LEVEL = "-O";
				SWIFT_VERSION = 5.0;
				VALIDATE_PRODUCT = YES;
			};
			name = Release;
		};
		95694D0225F81A35000A06F7 /* Debug */ = {
			isa = XCBuildConfiguration;
			baseConfigurationReference = BDF640E1269D196600C5044C /* ExampleApp.xcconfig */;
			buildSettings = {
				ASSETCATALOG_COMPILER_APPICON_NAME = AppIcon;
				ASSETCATALOG_COMPILER_GLOBAL_ACCENT_COLOR_NAME = AccentColor;
				CODE_SIGN_IDENTITY = "Apple Development";
				CODE_SIGN_STYLE = Automatic;
				CURRENT_PROJECT_VERSION = "$(XCCONFIG_APP_BUILD_NUMBER)";
				DEVELOPMENT_TEAM = BZA6SZ8XVQ;
				ENABLE_BITCODE = NO;
				INFOPLIST_FILE = Sources/Info.plist;
				IPHONEOS_DEPLOYMENT_TARGET = 15.0;
				LD_RUNPATH_SEARCH_PATHS = (
					"$(inherited)",
					"@executable_path/Frameworks",
				);
				MACOSX_DEPLOYMENT_TARGET = 12.0;
				MARKETING_VERSION = "$(XCCONFIG_APP_VERSION)";
				PRODUCT_BUNDLE_IDENTIFIER = "$(XCCONFIG_PRODUCT_BUNDLE_IDENTIFIER)";
				PRODUCT_NAME = "$(TARGET_NAME)";
				PROVISIONING_PROFILE_SPECIFIER = "";
				SWIFT_VERSION = 5.0;
				TARGETED_DEVICE_FAMILY = "1,2";
			};
			name = Debug;
		};
		95694D0325F81A35000A06F7 /* Release */ = {
			isa = XCBuildConfiguration;
			baseConfigurationReference = BDF640E1269D196600C5044C /* ExampleApp.xcconfig */;
			buildSettings = {
				ASSETCATALOG_COMPILER_APPICON_NAME = AppIcon;
				ASSETCATALOG_COMPILER_GLOBAL_ACCENT_COLOR_NAME = AccentColor;
				CODE_SIGN_IDENTITY = "Apple Development";
				CODE_SIGN_STYLE = Automatic;
				CURRENT_PROJECT_VERSION = "$(XCCONFIG_APP_BUILD_NUMBER)";
				DEVELOPMENT_TEAM = BZA6SZ8XVQ;
				ENABLE_BITCODE = NO;
				INFOPLIST_FILE = Sources/Info.plist;
				IPHONEOS_DEPLOYMENT_TARGET = 15.0;
				LD_RUNPATH_SEARCH_PATHS = (
					"$(inherited)",
					"@executable_path/Frameworks",
				);
				MACOSX_DEPLOYMENT_TARGET = 12.0;
				MARKETING_VERSION = "$(XCCONFIG_APP_VERSION)";
				PRODUCT_BUNDLE_IDENTIFIER = "$(XCCONFIG_PRODUCT_BUNDLE_IDENTIFIER)";
				PRODUCT_NAME = "$(TARGET_NAME)";
				PROVISIONING_PROFILE_SPECIFIER = "";
				SWIFT_VERSION = 5.0;
				TARGETED_DEVICE_FAMILY = "1,2";
			};
			name = Release;
		};
		95D85CC8299D850A005BB198 /* Debug */ = {
			isa = XCBuildConfiguration;
			baseConfigurationReference = BDF640E1269D196600C5044C /* ExampleApp.xcconfig */;
			buildSettings = {
				CLANG_CXX_LANGUAGE_STANDARD = "gnu++20";
				CODE_SIGN_STYLE = Automatic;
				CURRENT_PROJECT_VERSION = 1;
				DEVELOPMENT_TEAM = BZA6SZ8XVQ;
				GENERATE_INFOPLIST_FILE = YES;
				IPHONEOS_DEPLOYMENT_TARGET = 15.0;
				MARKETING_VERSION = 1.0;
				PRODUCT_BUNDLE_IDENTIFIER = com.bi.sdk.ExampleApp.ExampleAppUITests;
				PRODUCT_NAME = "$(TARGET_NAME)";
				SWIFT_EMIT_LOC_STRINGS = NO;
				SWIFT_VERSION = 5.0;
				TARGETED_DEVICE_FAMILY = "1,2";
				TEST_TARGET_NAME = ExampleApp;
			};
			name = Debug;
		};
		95D85CC9299D850A005BB198 /* Release */ = {
			isa = XCBuildConfiguration;
			baseConfigurationReference = BDF640E1269D196600C5044C /* ExampleApp.xcconfig */;
			buildSettings = {
				CLANG_CXX_LANGUAGE_STANDARD = "gnu++20";
				CODE_SIGN_STYLE = Automatic;
				CURRENT_PROJECT_VERSION = 1;
				DEVELOPMENT_TEAM = BZA6SZ8XVQ;
				GENERATE_INFOPLIST_FILE = YES;
				IPHONEOS_DEPLOYMENT_TARGET = 15.0;
				MARKETING_VERSION = 1.0;
				PRODUCT_BUNDLE_IDENTIFIER = com.bi.sdk.ExampleApp.ExampleAppUITests;
				PRODUCT_NAME = "$(TARGET_NAME)";
				SWIFT_EMIT_LOC_STRINGS = NO;
				SWIFT_VERSION = 5.0;
				TARGETED_DEVICE_FAMILY = "1,2";
				TEST_TARGET_NAME = ExampleApp;
			};
			name = Release;
		};
/* End XCBuildConfiguration section */

/* Begin XCConfigurationList section */
		95694CD225F81A34000A06F7 /* Build configuration list for PBXProject "ExampleApp" */ = {
			isa = XCConfigurationList;
			buildConfigurations = (
				95694CFF25F81A35000A06F7 /* Debug */,
				95694D0025F81A35000A06F7 /* Release */,
			);
			defaultConfigurationIsVisible = 0;
			defaultConfigurationName = Debug;
		};
		95694D0125F81A35000A06F7 /* Build configuration list for PBXNativeTarget "ExampleApp" */ = {
			isa = XCConfigurationList;
			buildConfigurations = (
				95694D0225F81A35000A06F7 /* Debug */,
				95694D0325F81A35000A06F7 /* Release */,
			);
			defaultConfigurationIsVisible = 0;
			defaultConfigurationName = Debug;
		};
		95D85CCA299D850A005BB198 /* Build configuration list for PBXNativeTarget "ExampleAppUITests" */ = {
			isa = XCConfigurationList;
			buildConfigurations = (
				95D85CC8299D850A005BB198 /* Debug */,
				95D85CC9299D850A005BB198 /* Release */,
			);
			defaultConfigurationIsVisible = 0;
			defaultConfigurationName = Debug;
		};
/* End XCConfigurationList section */

/* Begin XCSwiftPackageProductDependency section */
		9564CCBE27275E9300A4717B /* BeyondIdentityEmbedded */ = {
			isa = XCSwiftPackageProductDependency;
			productName = BeyondIdentityEmbedded;
		};
		95D85CD7299FD922005BB198 /* BeyondIdentityEmbedded */ = {
			isa = XCSwiftPackageProductDependency;
			productName = BeyondIdentityEmbedded;
		};
		95F9236E286A45950064B89B /* SharedDesign */ = {
			isa = XCSwiftPackageProductDependency;
			productName = SharedDesign;
		};
/* End XCSwiftPackageProductDependency section */
	};
	rootObject = 95694CCF25F81A34000A06F7 /* Project object */;
}
