// !$*UTF8*$!
{
	archiveVersion = 1;
	classes = {
	};
	objectVersion = 50;
	objects = {

/* Begin PBXBuildFile section */
		95694D7E25FBBA15000A06F7 /* authenticator_ios_sdk.framework in Frameworks */ = {isa = PBXBuildFile; fileRef = 95694D7425FBBA15000A06F7 /* authenticator_ios_sdk.framework */; };
		95694D8325FBBA15000A06F7 /* SignInButtonTests.swift in Sources */ = {isa = PBXBuildFile; fileRef = 95694D8225FBBA15000A06F7 /* SignInButtonTests.swift */; };
		95694D8525FBBA15000A06F7 /* authenticator_ios_sdk.h in Headers */ = {isa = PBXBuildFile; fileRef = 95694D7725FBBA15000A06F7 /* authenticator_ios_sdk.h */; settings = {ATTRIBUTES = (Public, ); }; };
		95694D9325FBBA66000A06F7 /* Color.swift in Sources */ = {isa = PBXBuildFile; fileRef = 95694D9225FBBA66000A06F7 /* Color.swift */; };
		95694D9E25FBBA8D000A06F7 /* SignInButton.swift in Sources */ = {isa = PBXBuildFile; fileRef = 95694D9C25FBBA8D000A06F7 /* SignInButton.swift */; };
		95694D9F25FBBA8D000A06F7 /* SignUpButton.swift in Sources */ = {isa = PBXBuildFile; fileRef = 95694D9D25FBBA8D000A06F7 /* SignUpButton.swift */; };
		95694DA325FBBA9D000A06F7 /* AuthView.swift in Sources */ = {isa = PBXBuildFile; fileRef = 95694DA225FBBA9C000A06F7 /* AuthView.swift */; };
		95694DD225FBCE4C000A06F7 /* Assets.xcassets in Resources */ = {isa = PBXBuildFile; fileRef = 95694D9825FBBA78000A06F7 /* Assets.xcassets */; };
		95694DD625FBD370000A06F7 /* Bundle.swift in Sources */ = {isa = PBXBuildFile; fileRef = 95694DD525FBD370000A06F7 /* Bundle.swift */; };
		95694DF225FEC6EB000A06F7 /* SignUpButtonTests.swift in Sources */ = {isa = PBXBuildFile; fileRef = 95694DF125FEC6EB000A06F7 /* SignUpButtonTests.swift */; };
		95694DF625FECAD6000A06F7 /* ColorTests.swift in Sources */ = {isa = PBXBuildFile; fileRef = 95694DF525FECAD6000A06F7 /* ColorTests.swift */; };
		95694E0225FEE3AD000A06F7 /* AuthViewTests.swift in Sources */ = {isa = PBXBuildFile; fileRef = 95694E0125FEE3AD000A06F7 /* AuthViewTests.swift */; };
		95694E1125FFC720000A06F7 /* Icon.swift in Sources */ = {isa = PBXBuildFile; fileRef = 95694E1025FFC720000A06F7 /* Icon.swift */; };
		95694E1825FFD6FA000A06F7 /* NSLayoutConstraint.swift in Sources */ = {isa = PBXBuildFile; fileRef = 95694E1725FFD6FA000A06F7 /* NSLayoutConstraint.swift */; };
		95694E1E25FFD79F000A06F7 /* IconTests.swift in Sources */ = {isa = PBXBuildFile; fileRef = 95694E1D25FFD79F000A06F7 /* IconTests.swift */; };
/* End PBXBuildFile section */

/* Begin PBXContainerItemProxy section */
		95694D7F25FBBA15000A06F7 /* PBXContainerItemProxy */ = {
			isa = PBXContainerItemProxy;
			containerPortal = 95694D6B25FBBA14000A06F7 /* Project object */;
			proxyType = 1;
			remoteGlobalIDString = 95694D7325FBBA15000A06F7;
			remoteInfo = "authenticator-ios-sdk";
		};
/* End PBXContainerItemProxy section */

/* Begin PBXFileReference section */
		95694D7425FBBA15000A06F7 /* authenticator_ios_sdk.framework */ = {isa = PBXFileReference; explicitFileType = wrapper.framework; includeInIndex = 0; path = authenticator_ios_sdk.framework; sourceTree = BUILT_PRODUCTS_DIR; };
		95694D7725FBBA15000A06F7 /* authenticator_ios_sdk.h */ = {isa = PBXFileReference; lastKnownFileType = sourcecode.c.h; path = authenticator_ios_sdk.h; sourceTree = "<group>"; };
		95694D7825FBBA15000A06F7 /* Info.plist */ = {isa = PBXFileReference; lastKnownFileType = text.plist.xml; path = Info.plist; sourceTree = "<group>"; };
		95694D7D25FBBA15000A06F7 /* authenticator-ios-sdkTests.xctest */ = {isa = PBXFileReference; explicitFileType = wrapper.cfbundle; includeInIndex = 0; path = "authenticator-ios-sdkTests.xctest"; sourceTree = BUILT_PRODUCTS_DIR; };
		95694D8225FBBA15000A06F7 /* SignInButtonTests.swift */ = {isa = PBXFileReference; lastKnownFileType = sourcecode.swift; path = SignInButtonTests.swift; sourceTree = "<group>"; };
		95694D8425FBBA15000A06F7 /* Info.plist */ = {isa = PBXFileReference; lastKnownFileType = text.plist.xml; path = Info.plist; sourceTree = "<group>"; };
		95694D9225FBBA66000A06F7 /* Color.swift */ = {isa = PBXFileReference; fileEncoding = 4; lastKnownFileType = sourcecode.swift; path = Color.swift; sourceTree = "<group>"; };
		95694D9825FBBA78000A06F7 /* Assets.xcassets */ = {isa = PBXFileReference; lastKnownFileType = folder.assetcatalog; path = Assets.xcassets; sourceTree = "<group>"; };
		95694D9C25FBBA8D000A06F7 /* SignInButton.swift */ = {isa = PBXFileReference; fileEncoding = 4; lastKnownFileType = sourcecode.swift; path = SignInButton.swift; sourceTree = "<group>"; };
		95694D9D25FBBA8D000A06F7 /* SignUpButton.swift */ = {isa = PBXFileReference; fileEncoding = 4; lastKnownFileType = sourcecode.swift; path = SignUpButton.swift; sourceTree = "<group>"; };
		95694DA225FBBA9C000A06F7 /* AuthView.swift */ = {isa = PBXFileReference; fileEncoding = 4; lastKnownFileType = sourcecode.swift; path = AuthView.swift; sourceTree = "<group>"; };
		95694DD525FBD370000A06F7 /* Bundle.swift */ = {isa = PBXFileReference; lastKnownFileType = sourcecode.swift; path = Bundle.swift; sourceTree = "<group>"; };
		95694DF125FEC6EB000A06F7 /* SignUpButtonTests.swift */ = {isa = PBXFileReference; lastKnownFileType = sourcecode.swift; path = SignUpButtonTests.swift; sourceTree = "<group>"; };
		95694DF525FECAD6000A06F7 /* ColorTests.swift */ = {isa = PBXFileReference; lastKnownFileType = sourcecode.swift; path = ColorTests.swift; sourceTree = "<group>"; };
		95694E0125FEE3AD000A06F7 /* AuthViewTests.swift */ = {isa = PBXFileReference; lastKnownFileType = sourcecode.swift; path = AuthViewTests.swift; sourceTree = "<group>"; };
		95694E1025FFC720000A06F7 /* Icon.swift */ = {isa = PBXFileReference; lastKnownFileType = sourcecode.swift; path = Icon.swift; sourceTree = "<group>"; };
		95694E1725FFD6FA000A06F7 /* NSLayoutConstraint.swift */ = {isa = PBXFileReference; lastKnownFileType = sourcecode.swift; path = NSLayoutConstraint.swift; sourceTree = "<group>"; };
		95694E1D25FFD79F000A06F7 /* IconTests.swift */ = {isa = PBXFileReference; lastKnownFileType = sourcecode.swift; path = IconTests.swift; sourceTree = "<group>"; };
/* End PBXFileReference section */

/* Begin PBXFrameworksBuildPhase section */
		95694D7125FBBA15000A06F7 /* Frameworks */ = {
			isa = PBXFrameworksBuildPhase;
			buildActionMask = 2147483647;
			files = (
			);
			runOnlyForDeploymentPostprocessing = 0;
		};
		95694D7A25FBBA15000A06F7 /* Frameworks */ = {
			isa = PBXFrameworksBuildPhase;
			buildActionMask = 2147483647;
			files = (
				95694D7E25FBBA15000A06F7 /* authenticator_ios_sdk.framework in Frameworks */,
			);
			runOnlyForDeploymentPostprocessing = 0;
		};
/* End PBXFrameworksBuildPhase section */

/* Begin PBXGroup section */
		95694D6A25FBBA14000A06F7 = {
			isa = PBXGroup;
			children = (
				95694D7625FBBA15000A06F7 /* authenticator-ios-sdk */,
				95694D8125FBBA15000A06F7 /* authenticator-ios-sdkTests */,
				95694D7525FBBA15000A06F7 /* Products */,
			);
			sourceTree = "<group>";
		};
		95694D7525FBBA15000A06F7 /* Products */ = {
			isa = PBXGroup;
			children = (
				95694D7425FBBA15000A06F7 /* authenticator_ios_sdk.framework */,
				95694D7D25FBBA15000A06F7 /* authenticator-ios-sdkTests.xctest */,
			);
			name = Products;
			sourceTree = "<group>";
		};
		95694D7625FBBA15000A06F7 /* authenticator-ios-sdk */ = {
			isa = PBXGroup;
			children = (
				95694DDF25FBD5A2000A06F7 /* Source */,
				95694D7825FBBA15000A06F7 /* Info.plist */,
				95694DE025FBD5E8000A06F7 /* Framework */,
			);
			path = "authenticator-ios-sdk";
			sourceTree = "<group>";
		};
		95694D8125FBBA15000A06F7 /* authenticator-ios-sdkTests */ = {
			isa = PBXGroup;
			children = (
				95694E0125FEE3AD000A06F7 /* AuthViewTests.swift */,
				95694DF525FECAD6000A06F7 /* ColorTests.swift */,
				95694E1D25FFD79F000A06F7 /* IconTests.swift */,
				95694D8225FBBA15000A06F7 /* SignInButtonTests.swift */,
				95694DF125FEC6EB000A06F7 /* SignUpButtonTests.swift */,
				95694D8425FBBA15000A06F7 /* Info.plist */,
			);
			path = "authenticator-ios-sdkTests";
			sourceTree = "<group>";
		};
		95694DDF25FBD5A2000A06F7 /* Source */ = {
			isa = PBXGroup;
			children = (
				95694E1625FFD6E3000A06F7 /* Extensions */,
				95694E2525FFD868000A06F7 /* Styles */,
				95694DA225FBBA9C000A06F7 /* AuthView.swift */,
				95694D9C25FBBA8D000A06F7 /* SignInButton.swift */,
				95694D9D25FBBA8D000A06F7 /* SignUpButton.swift */,
			);
			path = Source;
			sourceTree = "<group>";
		};
		95694DE025FBD5E8000A06F7 /* Framework */ = {
			isa = PBXGroup;
			children = (
				95694D9825FBBA78000A06F7 /* Assets.xcassets */,
				95694DD525FBD370000A06F7 /* Bundle.swift */,
				95694D7725FBBA15000A06F7 /* authenticator_ios_sdk.h */,
			);
			path = Framework;
			sourceTree = "<group>";
		};
		95694E1625FFD6E3000A06F7 /* Extensions */ = {
			isa = PBXGroup;
			children = (
				95694E1725FFD6FA000A06F7 /* NSLayoutConstraint.swift */,
			);
			path = Extensions;
			sourceTree = "<group>";
		};
		95694E2525FFD868000A06F7 /* Styles */ = {
			isa = PBXGroup;
			children = (
				95694D9225FBBA66000A06F7 /* Color.swift */,
				95694E1025FFC720000A06F7 /* Icon.swift */,
			);
			path = Styles;
			sourceTree = "<group>";
		};
/* End PBXGroup section */

/* Begin PBXHeadersBuildPhase section */
		95694D6F25FBBA15000A06F7 /* Headers */ = {
			isa = PBXHeadersBuildPhase;
			buildActionMask = 2147483647;
			files = (
				95694D8525FBBA15000A06F7 /* authenticator_ios_sdk.h in Headers */,
			);
			runOnlyForDeploymentPostprocessing = 0;
		};
/* End PBXHeadersBuildPhase section */

/* Begin PBXNativeTarget section */
		95694D7325FBBA15000A06F7 /* authenticator-ios-sdk */ = {
			isa = PBXNativeTarget;
			buildConfigurationList = 95694D8825FBBA15000A06F7 /* Build configuration list for PBXNativeTarget "authenticator-ios-sdk" */;
			buildPhases = (
				95694D6F25FBBA15000A06F7 /* Headers */,
				95694D7025FBBA15000A06F7 /* Sources */,
				95694D7125FBBA15000A06F7 /* Frameworks */,
				95694D7225FBBA15000A06F7 /* Resources */,
			);
			buildRules = (
			);
			dependencies = (
			);
			name = "authenticator-ios-sdk";
			productName = "authenticator-ios-sdk";
			productReference = 95694D7425FBBA15000A06F7 /* authenticator_ios_sdk.framework */;
			productType = "com.apple.product-type.framework";
		};
		95694D7C25FBBA15000A06F7 /* authenticator-ios-sdkTests */ = {
			isa = PBXNativeTarget;
			buildConfigurationList = 95694D8B25FBBA15000A06F7 /* Build configuration list for PBXNativeTarget "authenticator-ios-sdkTests" */;
			buildPhases = (
				95694D7925FBBA15000A06F7 /* Sources */,
				95694D7A25FBBA15000A06F7 /* Frameworks */,
				95694D7B25FBBA15000A06F7 /* Resources */,
			);
			buildRules = (
			);
			dependencies = (
				95694D8025FBBA15000A06F7 /* PBXTargetDependency */,
			);
			name = "authenticator-ios-sdkTests";
			productName = "authenticator-ios-sdkTests";
			productReference = 95694D7D25FBBA15000A06F7 /* authenticator-ios-sdkTests.xctest */;
			productType = "com.apple.product-type.bundle.unit-test";
		};
/* End PBXNativeTarget section */

/* Begin PBXProject section */
		95694D6B25FBBA14000A06F7 /* Project object */ = {
			isa = PBXProject;
			attributes = {
				LastSwiftUpdateCheck = 1230;
				LastUpgradeCheck = 1230;
				TargetAttributes = {
					95694D7325FBBA15000A06F7 = {
						CreatedOnToolsVersion = 12.3;
						LastSwiftMigration = 1230;
					};
					95694D7C25FBBA15000A06F7 = {
						CreatedOnToolsVersion = 12.3;
					};
				};
			};
			buildConfigurationList = 95694D6E25FBBA14000A06F7 /* Build configuration list for PBXProject "authenticator-ios-sdk" */;
			compatibilityVersion = "Xcode 9.3";
			developmentRegion = en;
			hasScannedForEncodings = 0;
			knownRegions = (
				en,
				Base,
			);
			mainGroup = 95694D6A25FBBA14000A06F7;
			productRefGroup = 95694D7525FBBA15000A06F7 /* Products */;
			projectDirPath = "";
			projectRoot = "";
			targets = (
				95694D7325FBBA15000A06F7 /* authenticator-ios-sdk */,
				95694D7C25FBBA15000A06F7 /* authenticator-ios-sdkTests */,
			);
		};
/* End PBXProject section */

/* Begin PBXResourcesBuildPhase section */
		95694D7225FBBA15000A06F7 /* Resources */ = {
			isa = PBXResourcesBuildPhase;
			buildActionMask = 2147483647;
			files = (
				95694DD225FBCE4C000A06F7 /* Assets.xcassets in Resources */,
			);
			runOnlyForDeploymentPostprocessing = 0;
		};
		95694D7B25FBBA15000A06F7 /* Resources */ = {
			isa = PBXResourcesBuildPhase;
			buildActionMask = 2147483647;
			files = (
			);
			runOnlyForDeploymentPostprocessing = 0;
		};
/* End PBXResourcesBuildPhase section */

/* Begin PBXSourcesBuildPhase section */
		95694D7025FBBA15000A06F7 /* Sources */ = {
			isa = PBXSourcesBuildPhase;
			buildActionMask = 2147483647;
			files = (
				95694E1125FFC720000A06F7 /* Icon.swift in Sources */,
				95694D9325FBBA66000A06F7 /* Color.swift in Sources */,
				95694D9E25FBBA8D000A06F7 /* SignInButton.swift in Sources */,
				95694E1825FFD6FA000A06F7 /* NSLayoutConstraint.swift in Sources */,
				95694DA325FBBA9D000A06F7 /* AuthView.swift in Sources */,
				95694DD625FBD370000A06F7 /* Bundle.swift in Sources */,
				95694D9F25FBBA8D000A06F7 /* SignUpButton.swift in Sources */,
			);
			runOnlyForDeploymentPostprocessing = 0;
		};
		95694D7925FBBA15000A06F7 /* Sources */ = {
			isa = PBXSourcesBuildPhase;
			buildActionMask = 2147483647;
			files = (
				95694D8325FBBA15000A06F7 /* SignInButtonTests.swift in Sources */,
				95694DF625FECAD6000A06F7 /* ColorTests.swift in Sources */,
				95694E0225FEE3AD000A06F7 /* AuthViewTests.swift in Sources */,
				95694E1E25FFD79F000A06F7 /* IconTests.swift in Sources */,
				95694DF225FEC6EB000A06F7 /* SignUpButtonTests.swift in Sources */,
			);
			runOnlyForDeploymentPostprocessing = 0;
		};
/* End PBXSourcesBuildPhase section */

/* Begin PBXTargetDependency section */
		95694D8025FBBA15000A06F7 /* PBXTargetDependency */ = {
			isa = PBXTargetDependency;
			target = 95694D7325FBBA15000A06F7 /* authenticator-ios-sdk */;
			targetProxy = 95694D7F25FBBA15000A06F7 /* PBXContainerItemProxy */;
		};
/* End PBXTargetDependency section */

/* Begin XCBuildConfiguration section */
		95694D8625FBBA15000A06F7 /* Debug */ = {
			isa = XCBuildConfiguration;
			buildSettings = {
				ALWAYS_SEARCH_USER_PATHS = NO;
				CLANG_ANALYZER_NONNULL = YES;
				CLANG_ANALYZER_NUMBER_OBJECT_CONVERSION = YES_AGGRESSIVE;
				CLANG_CXX_LANGUAGE_STANDARD = "gnu++14";
				CLANG_CXX_LIBRARY = "libc++";
				CLANG_ENABLE_MODULES = YES;
				CLANG_ENABLE_OBJC_ARC = YES;
				CLANG_ENABLE_OBJC_WEAK = YES;
				CLANG_WARN_BLOCK_CAPTURE_AUTORELEASING = YES;
				CLANG_WARN_BOOL_CONVERSION = YES;
				CLANG_WARN_COMMA = YES;
				CLANG_WARN_CONSTANT_CONVERSION = YES;
				CLANG_WARN_DEPRECATED_OBJC_IMPLEMENTATIONS = YES;
				CLANG_WARN_DIRECT_OBJC_ISA_USAGE = YES_ERROR;
				CLANG_WARN_DOCUMENTATION_COMMENTS = YES;
				CLANG_WARN_EMPTY_BODY = YES;
				CLANG_WARN_ENUM_CONVERSION = YES;
				CLANG_WARN_INFINITE_RECURSION = YES;
				CLANG_WARN_INT_CONVERSION = YES;
				CLANG_WARN_NON_LITERAL_NULL_CONVERSION = YES;
				CLANG_WARN_OBJC_IMPLICIT_RETAIN_SELF = YES;
				CLANG_WARN_OBJC_LITERAL_CONVERSION = YES;
				CLANG_WARN_OBJC_ROOT_CLASS = YES_ERROR;
				CLANG_WARN_QUOTED_INCLUDE_IN_FRAMEWORK_HEADER = YES;
				CLANG_WARN_RANGE_LOOP_ANALYSIS = YES;
				CLANG_WARN_STRICT_PROTOTYPES = YES;
				CLANG_WARN_SUSPICIOUS_MOVE = YES;
				CLANG_WARN_UNGUARDED_AVAILABILITY = YES_AGGRESSIVE;
				CLANG_WARN_UNREACHABLE_CODE = YES;
				CLANG_WARN__DUPLICATE_METHOD_MATCH = YES;
				COPY_PHASE_STRIP = NO;
				CURRENT_PROJECT_VERSION = 1;
				DEBUG_INFORMATION_FORMAT = dwarf;
				ENABLE_STRICT_OBJC_MSGSEND = YES;
				ENABLE_TESTABILITY = YES;
				GCC_C_LANGUAGE_STANDARD = gnu11;
				GCC_DYNAMIC_NO_PIC = NO;
				GCC_NO_COMMON_BLOCKS = YES;
				GCC_OPTIMIZATION_LEVEL = 0;
				GCC_PREPROCESSOR_DEFINITIONS = (
					"DEBUG=1",
					"$(inherited)",
				);
				GCC_WARN_64_TO_32_BIT_CONVERSION = YES;
				GCC_WARN_ABOUT_RETURN_TYPE = YES_ERROR;
				GCC_WARN_UNDECLARED_SELECTOR = YES;
				GCC_WARN_UNINITIALIZED_AUTOS = YES_AGGRESSIVE;
				GCC_WARN_UNUSED_FUNCTION = YES;
				GCC_WARN_UNUSED_VARIABLE = YES;
				IPHONEOS_DEPLOYMENT_TARGET = 14.3;
				MTL_ENABLE_DEBUG_INFO = INCLUDE_SOURCE;
				MTL_FAST_MATH = YES;
				ONLY_ACTIVE_ARCH = YES;
				SDKROOT = iphoneos;
				SWIFT_ACTIVE_COMPILATION_CONDITIONS = DEBUG;
				SWIFT_OPTIMIZATION_LEVEL = "-Onone";
				VERSIONING_SYSTEM = "apple-generic";
				VERSION_INFO_PREFIX = "";
			};
			name = Debug;
		};
		95694D8725FBBA15000A06F7 /* Release */ = {
			isa = XCBuildConfiguration;
			buildSettings = {
				ALWAYS_SEARCH_USER_PATHS = NO;
				CLANG_ANALYZER_NONNULL = YES;
				CLANG_ANALYZER_NUMBER_OBJECT_CONVERSION = YES_AGGRESSIVE;
				CLANG_CXX_LANGUAGE_STANDARD = "gnu++14";
				CLANG_CXX_LIBRARY = "libc++";
				CLANG_ENABLE_MODULES = YES;
				CLANG_ENABLE_OBJC_ARC = YES;
				CLANG_ENABLE_OBJC_WEAK = YES;
				CLANG_WARN_BLOCK_CAPTURE_AUTORELEASING = YES;
				CLANG_WARN_BOOL_CONVERSION = YES;
				CLANG_WARN_COMMA = YES;
				CLANG_WARN_CONSTANT_CONVERSION = YES;
				CLANG_WARN_DEPRECATED_OBJC_IMPLEMENTATIONS = YES;
				CLANG_WARN_DIRECT_OBJC_ISA_USAGE = YES_ERROR;
				CLANG_WARN_DOCUMENTATION_COMMENTS = YES;
				CLANG_WARN_EMPTY_BODY = YES;
				CLANG_WARN_ENUM_CONVERSION = YES;
				CLANG_WARN_INFINITE_RECURSION = YES;
				CLANG_WARN_INT_CONVERSION = YES;
				CLANG_WARN_NON_LITERAL_NULL_CONVERSION = YES;
				CLANG_WARN_OBJC_IMPLICIT_RETAIN_SELF = YES;
				CLANG_WARN_OBJC_LITERAL_CONVERSION = YES;
				CLANG_WARN_OBJC_ROOT_CLASS = YES_ERROR;
				CLANG_WARN_QUOTED_INCLUDE_IN_FRAMEWORK_HEADER = YES;
				CLANG_WARN_RANGE_LOOP_ANALYSIS = YES;
				CLANG_WARN_STRICT_PROTOTYPES = YES;
				CLANG_WARN_SUSPICIOUS_MOVE = YES;
				CLANG_WARN_UNGUARDED_AVAILABILITY = YES_AGGRESSIVE;
				CLANG_WARN_UNREACHABLE_CODE = YES;
				CLANG_WARN__DUPLICATE_METHOD_MATCH = YES;
				COPY_PHASE_STRIP = NO;
				CURRENT_PROJECT_VERSION = 1;
				DEBUG_INFORMATION_FORMAT = "dwarf-with-dsym";
				ENABLE_NS_ASSERTIONS = NO;
				ENABLE_STRICT_OBJC_MSGSEND = YES;
				GCC_C_LANGUAGE_STANDARD = gnu11;
				GCC_NO_COMMON_BLOCKS = YES;
				GCC_WARN_64_TO_32_BIT_CONVERSION = YES;
				GCC_WARN_ABOUT_RETURN_TYPE = YES_ERROR;
				GCC_WARN_UNDECLARED_SELECTOR = YES;
				GCC_WARN_UNINITIALIZED_AUTOS = YES_AGGRESSIVE;
				GCC_WARN_UNUSED_FUNCTION = YES;
				GCC_WARN_UNUSED_VARIABLE = YES;
				IPHONEOS_DEPLOYMENT_TARGET = 14.3;
				MTL_ENABLE_DEBUG_INFO = NO;
				MTL_FAST_MATH = YES;
				SDKROOT = iphoneos;
				SWIFT_COMPILATION_MODE = wholemodule;
				SWIFT_OPTIMIZATION_LEVEL = "-O";
				VALIDATE_PRODUCT = YES;
				VERSIONING_SYSTEM = "apple-generic";
				VERSION_INFO_PREFIX = "";
			};
			name = Release;
		};
		95694D8925FBBA15000A06F7 /* Debug */ = {
			isa = XCBuildConfiguration;
			buildSettings = {
				BUILD_LIBRARY_FOR_DISTRIBUTION = YES;
				CLANG_ENABLE_MODULES = YES;
				CODE_SIGN_STYLE = Automatic;
				DEFINES_MODULE = YES;
				DEVELOPMENT_TEAM = BZA6SZ8XVQ;
				DYLIB_COMPATIBILITY_VERSION = 1;
				DYLIB_CURRENT_VERSION = 1;
				DYLIB_INSTALL_NAME_BASE = "@rpath";
				INFOPLIST_FILE = "authenticator-ios-sdk/Info.plist";
				INSTALL_PATH = "$(LOCAL_LIBRARY_DIR)/Frameworks";
				IPHONEOS_DEPLOYMENT_TARGET = 12.0;
				LD_RUNPATH_SEARCH_PATHS = (
					"$(inherited)",
					"@executable_path/Frameworks",
					"@loader_path/Frameworks",
				);
				PRODUCT_BUNDLE_IDENTIFIER = "com.beyondidentity.sdk.authenticator-ios-sdk";
				PRODUCT_NAME = "$(TARGET_NAME:c99extidentifier)";
				SKIP_INSTALL = YES;
				SWIFT_OPTIMIZATION_LEVEL = "-Onone";
				SWIFT_VERSION = 5.0;
				TARGETED_DEVICE_FAMILY = "1,2";
			};
			name = Debug;
		};
		95694D8A25FBBA15000A06F7 /* Release */ = {
			isa = XCBuildConfiguration;
			buildSettings = {
				BUILD_LIBRARY_FOR_DISTRIBUTION = YES;
				CLANG_ENABLE_MODULES = YES;
				CODE_SIGN_STYLE = Automatic;
				DEFINES_MODULE = YES;
				DEVELOPMENT_TEAM = BZA6SZ8XVQ;
				DYLIB_COMPATIBILITY_VERSION = 1;
				DYLIB_CURRENT_VERSION = 1;
				DYLIB_INSTALL_NAME_BASE = "@rpath";
				INFOPLIST_FILE = "authenticator-ios-sdk/Info.plist";
				INSTALL_PATH = "$(LOCAL_LIBRARY_DIR)/Frameworks";
				IPHONEOS_DEPLOYMENT_TARGET = 12.0;
				LD_RUNPATH_SEARCH_PATHS = (
					"$(inherited)",
					"@executable_path/Frameworks",
					"@loader_path/Frameworks",
				);
				PRODUCT_BUNDLE_IDENTIFIER = "com.beyondidentity.sdk.authenticator-ios-sdk";
				PRODUCT_NAME = "$(TARGET_NAME:c99extidentifier)";
				SKIP_INSTALL = YES;
				SWIFT_VERSION = 5.0;
				TARGETED_DEVICE_FAMILY = "1,2";
			};
			name = Release;
		};
		95694D8C25FBBA15000A06F7 /* Debug */ = {
			isa = XCBuildConfiguration;
			buildSettings = {
				ALWAYS_EMBED_SWIFT_STANDARD_LIBRARIES = YES;
				CODE_SIGN_STYLE = Automatic;
				DEVELOPMENT_TEAM = BZA6SZ8XVQ;
				INFOPLIST_FILE = "authenticator-ios-sdkTests/Info.plist";
				LD_RUNPATH_SEARCH_PATHS = (
					"$(inherited)",
					"@executable_path/Frameworks",
					"@loader_path/Frameworks",
				);
				PRODUCT_BUNDLE_IDENTIFIER = "com.beyondidentity.sdk.authenticator-ios-sdkTests";
				PRODUCT_NAME = "$(TARGET_NAME)";
				SWIFT_VERSION = 5.0;
				TARGETED_DEVICE_FAMILY = "1,2";
			};
			name = Debug;
		};
		95694D8D25FBBA15000A06F7 /* Release */ = {
			isa = XCBuildConfiguration;
			buildSettings = {
				ALWAYS_EMBED_SWIFT_STANDARD_LIBRARIES = YES;
				CODE_SIGN_STYLE = Automatic;
				DEVELOPMENT_TEAM = BZA6SZ8XVQ;
				INFOPLIST_FILE = "authenticator-ios-sdkTests/Info.plist";
				LD_RUNPATH_SEARCH_PATHS = (
					"$(inherited)",
					"@executable_path/Frameworks",
					"@loader_path/Frameworks",
				);
				PRODUCT_BUNDLE_IDENTIFIER = "com.beyondidentity.sdk.authenticator-ios-sdkTests";
				PRODUCT_NAME = "$(TARGET_NAME)";
				SWIFT_VERSION = 5.0;
				TARGETED_DEVICE_FAMILY = "1,2";
			};
			name = Release;
		};
/* End XCBuildConfiguration section */

/* Begin XCConfigurationList section */
		95694D6E25FBBA14000A06F7 /* Build configuration list for PBXProject "authenticator-ios-sdk" */ = {
			isa = XCConfigurationList;
			buildConfigurations = (
				95694D8625FBBA15000A06F7 /* Debug */,
				95694D8725FBBA15000A06F7 /* Release */,
			);
			defaultConfigurationIsVisible = 0;
			defaultConfigurationName = Release;
		};
		95694D8825FBBA15000A06F7 /* Build configuration list for PBXNativeTarget "authenticator-ios-sdk" */ = {
			isa = XCConfigurationList;
			buildConfigurations = (
				95694D8925FBBA15000A06F7 /* Debug */,
				95694D8A25FBBA15000A06F7 /* Release */,
			);
			defaultConfigurationIsVisible = 0;
			defaultConfigurationName = Release;
		};
		95694D8B25FBBA15000A06F7 /* Build configuration list for PBXNativeTarget "authenticator-ios-sdkTests" */ = {
			isa = XCConfigurationList;
			buildConfigurations = (
				95694D8C25FBBA15000A06F7 /* Debug */,
				95694D8D25FBBA15000A06F7 /* Release */,
			);
			defaultConfigurationIsVisible = 0;
			defaultConfigurationName = Release;
		};
/* End XCConfigurationList section */
	};
	rootObject = 95694D6B25FBBA14000A06F7 /* Project object */;
}
